
Microsoft Visual Studio Solution File, Format Version 11.00
# Visual Studio 2010
Project("{FAE04EC0-301F-11D3-BF4B-00C04F79EFBC}") = "HCSUG_FirstMonoApp", "HCSUG_FirstMonoApp\HCSUG_FirstMonoApp.csproj", "{14B9CCB0-FBBE-44A3-B41F-09BA3E64721A}"
EndProject
Global
	GlobalSection(SolutionConfigurationPlatforms) = preSolution
		Debug|iPhoneSimulator = Debug|iPhoneSimulator
		Release|iPhoneSimulator = Release|iPhoneSimulator
		Debug|iPhone = Debug|iPhone
		Release|iPhone = Release|iPhone
		Ad-Hoc|iPhone = Ad-Hoc|iPhone
		AppStore|iPhone = AppStore|iPhone
	EndGlobalSection
	GlobalSection(ProjectConfigurationPlatforms) = postSolution
		{14B9CCB0-FBBE-44A3-B41F-09BA3E64721A}.Ad-Hoc|iPhone.ActiveCfg = Ad-Hoc|iPhone
		{14B9CCB0-FBBE-44A3-B41F-09BA3E64721A}.Ad-Hoc|iPhone.Build.0 = Ad-Hoc|iPhone
		{14B9CCB0-FBBE-44A3-B41F-09BA3E64721A}.AppStore|iPhone.ActiveCfg = AppStore|iPhone
		{14B9CCB0-FBBE-44A3-B41F-09BA3E64721A}.AppStore|iPhone.Build.0 = AppStore|iPhone
		{14B9CCB0-FBBE-44A3-B41F-09BA3E64721A}.Debug|iPhone.ActiveCfg = Debug|iPhone
		{14B9CCB0-FBBE-44A3-B41F-09BA3E64721A}.Debug|iPhone.Build.0 = Debug|iPhone
		{14B9CCB0-FBBE-44A3-B41F-09BA3E64721A}.Debug|iPhoneSimulator.ActiveCfg = Debug|iPhoneSimulator
		{14B9CCB0-FBBE-44A3-B41F-09BA3E64721A}.Debug|iPhoneSimulator.Build.0 = Debug|iPhoneSimulator
		{14B9CCB0-FBBE-44A3-B41F-09BA3E64721A}.Release|iPhone.ActiveCfg = Release|iPhone
		{14B9CCB0-FBBE-44A3-B41F-09BA3E64721A}.Release|iPhone.Build.0 = Release|iPhone
		{14B9CCB0-FBBE-44A3-B41F-09BA3E64721A}.Release|iPhoneSimulator.ActiveCfg = Release|iPhoneSimulator
		{14B9CCB0-FBBE-44A3-B41F-09BA3E64721A}.Release|iPhoneSimulator.Build.0 = Release|iPhoneSimulator
	EndGlobalSection
	GlobalSection(MonoDevelopProperties) = preSolution
		StartupItem = HCSUG_FirstMonoApp\HCSUG_FirstMonoApp.csproj
	EndGlobalSection
EndGlobal
